
Microsoft Visual Studio Solution File, Format Version 12.00
# Visual Studio Version 17
VisualStudioVersion = 17.7.34031.279
MinimumVisualStudioVersion = 10.0.40219.1
Project("{FAE04EC0-301F-11D3-BF4B-00C04F79EFBC}") = "BothOdd", "BothOdd\BothOdd.csproj", "{0757EA9C-7B3A-442C-82D3-99BD22E4425F}"
EndProject
Global
	GlobalSection(SolutionConfigurationPlatforms) = preSolution
		Debug|Any CPU = Debug|Any CPU
		Release|Any CPU = Release|Any CPU
	EndGlobalSection
	GlobalSection(ProjectConfigurationPlatforms) = postSolution
		{0757EA9C-7B3A-442C-82D3-99BD22E4425F}.Debug|Any CPU.ActiveCfg = Debug|Any CPU
		{0757EA9C-7B3A-442C-82D3-99BD22E4425F}.Debug|Any CPU.Build.0 = Debug|Any CPU
		{0757EA9C-7B3A-442C-82D3-99BD22E4425F}.Release|Any CPU.ActiveCfg = Release|Any CPU
		{0757EA9C-7B3A-442C-82D3-99BD22E4425F}.Release|Any CPU.Build.0 = Release|Any CPU
	EndGlobalSection
	GlobalSection(SolutionProperties) = preSolution
		HideSolutionNode = FALSE
	EndGlobalSection
	GlobalSection(ExtensibilityGlobals) = postSolution
		SolutionGuid = {9CE72636-CCBE-4E9B-A488-F5F5ABB01B60}
	EndGlobalSection
EndGlobal
